
Microsoft Visual Studio Solution File, Format Version 12.00
# Visual Studio 14
VisualStudioVersion = 14.0.25420.1
MinimumVisualStudioVersion = 10.0.40219.1
Project("{FAE04EC0-301F-11D3-BF4B-00C04F79EFBC}") = "DPA_Musicsheets", "DPA_Musicsheets\DPA_Musicsheets.csproj", "{78BC0C32-8B72-44D2-BA4D-20E3A0A046D4}"
EndProject
Project("{2150E333-8FDC-42A3-9474-1A3956D46DE8}") = "Misc.", "Misc.", "{9F4462C0-3209-4961-B30D-E08B49339FB3}"
	ProjectSection(SolutionItems) = preProject
		.editorconfig = .editorconfig
		.gitattributes = .gitattributes
		.gitignore = .gitignore
		LICENSE.txt = LICENSE.txt
		README.md = README.md
		assets\twee.ly = assets\twee.ly
	EndProjectSection
EndProject
Project("{FAE04EC0-301F-11D3-BF4B-00C04F79EFBC}") = "PSAMWPFControlLibrary", "PSAMWPFControlLibrary\PSAMWPFControlLibrary.csproj", "{24E32E85-6A86-4146-B877-30B422958874}"
EndProject
Global
	GlobalSection(SolutionConfigurationPlatforms) = preSolution
		Debug|Any CPU = Debug|Any CPU
		Release|Any CPU = Release|Any CPU
	EndGlobalSection
	GlobalSection(ProjectConfigurationPlatforms) = postSolution
		{78BC0C32-8B72-44D2-BA4D-20E3A0A046D4}.Debug|Any CPU.ActiveCfg = Debug|Any CPU
		{78BC0C32-8B72-44D2-BA4D-20E3A0A046D4}.Debug|Any CPU.Build.0 = Debug|Any CPU
		{78BC0C32-8B72-44D2-BA4D-20E3A0A046D4}.Release|Any CPU.ActiveCfg = Release|Any CPU
		{78BC0C32-8B72-44D2-BA4D-20E3A0A046D4}.Release|Any CPU.Build.0 = Release|Any CPU
		{24E32E85-6A86-4146-B877-30B422958874}.Debug|Any CPU.ActiveCfg = Debug|Any CPU
		{24E32E85-6A86-4146-B877-30B422958874}.Debug|Any CPU.Build.0 = Debug|Any CPU
		{24E32E85-6A86-4146-B877-30B422958874}.Release|Any CPU.ActiveCfg = Release|Any CPU
		{24E32E85-6A86-4146-B877-30B422958874}.Release|Any CPU.Build.0 = Release|Any CPU
	EndGlobalSection
	GlobalSection(SolutionProperties) = preSolution
		HideSolutionNode = FALSE
	EndGlobalSection
EndGlobal
